
Microsoft Visual Studio Solution File, Format Version 12.00
# Visual Studio Version 16
VisualStudioVersion = 16.0.30717.126
MinimumVisualStudioVersion = 10.0.40219.1
Project("{9A19103F-16F7-4668-BE54-9A1E7A4F7556}") = "CursoMVC", "CursoMVC\CursoMVC.csproj", "{DBF98A44-A2E0-44AA-ACB5-B561834A59BA}"
EndProject
Project("{9A19103F-16F7-4668-BE54-9A1E7A4F7556}") = "CursoAPI", "CursoAPI\CursoAPI.csproj", "{F6C70BD5-F394-4DB4-972A-9FFE5E5E21E8}"
EndProject
Project("{FAE04EC0-301F-11D3-BF4B-00C04F79EFBC}") = "CursoTest", "CursoTest\CursoTest.csproj", "{33B52A7F-10F2-4898-9136-615D0A0BE225}"
EndProject
Global
	GlobalSection(SolutionConfigurationPlatforms) = preSolution
		Debug|Any CPU = Debug|Any CPU
		Release|Any CPU = Release|Any CPU
	EndGlobalSection
	GlobalSection(ProjectConfigurationPlatforms) = postSolution
		{DBF98A44-A2E0-44AA-ACB5-B561834A59BA}.Debug|Any CPU.ActiveCfg = Debug|Any CPU
		{DBF98A44-A2E0-44AA-ACB5-B561834A59BA}.Debug|Any CPU.Build.0 = Debug|Any CPU
		{DBF98A44-A2E0-44AA-ACB5-B561834A59BA}.Release|Any CPU.ActiveCfg = Release|Any CPU
		{DBF98A44-A2E0-44AA-ACB5-B561834A59BA}.Release|Any CPU.Build.0 = Release|Any CPU
		{F6C70BD5-F394-4DB4-972A-9FFE5E5E21E8}.Debug|Any CPU.ActiveCfg = Debug|Any CPU
		{F6C70BD5-F394-4DB4-972A-9FFE5E5E21E8}.Debug|Any CPU.Build.0 = Debug|Any CPU
		{F6C70BD5-F394-4DB4-972A-9FFE5E5E21E8}.Release|Any CPU.ActiveCfg = Release|Any CPU
		{F6C70BD5-F394-4DB4-972A-9FFE5E5E21E8}.Release|Any CPU.Build.0 = Release|Any CPU
		{33B52A7F-10F2-4898-9136-615D0A0BE225}.Debug|Any CPU.ActiveCfg = Debug|Any CPU
		{33B52A7F-10F2-4898-9136-615D0A0BE225}.Debug|Any CPU.Build.0 = Debug|Any CPU
		{33B52A7F-10F2-4898-9136-615D0A0BE225}.Release|Any CPU.ActiveCfg = Release|Any CPU
		{33B52A7F-10F2-4898-9136-615D0A0BE225}.Release|Any CPU.Build.0 = Release|Any CPU
	EndGlobalSection
	GlobalSection(SolutionProperties) = preSolution
		HideSolutionNode = FALSE
	EndGlobalSection
	GlobalSection(ExtensibilityGlobals) = postSolution
		SolutionGuid = {0FD88498-83EC-44A4-9BC9-854BAA73C527}
	EndGlobalSection
EndGlobal
